{
  "version": 4,
  "terraform_version": "1.5.4",
  "serial": 1,
  "lineage": "7f97d411-0341-563c-854b-039a5e94edf1",
  "outputs": {},
  "resources": [
    {
      "module": "module.mjvpc",
      "mode": "managed",
      "type": "aws_vpc",
      "name": "demo_vpc",
      "provider": "provider[\"registry.terraform.io/hashicorp/aws\"]",
      "instances": [
        {
          "schema_version": 1,
          "attributes": {
            "arn": "arn:aws:ec2:ap-south-1:691745761403:vpc/vpc-067fc353f2ff38b29",
            "assign_generated_ipv6_cidr_block": false,
            "cidr_block": "18.0.0.0/18",
            "default_network_acl_id": "acl-0ea103cb020f5a12a",
            "default_route_table_id": "rtb-0662ecc76f7f30176",
            "default_security_group_id": "sg-04505a82f160c82bc",
            "dhcp_options_id": "dopt-07d7e6751ada9243d",
            "enable_dns_hostnames": false,
            "enable_dns_support": true,
            "enable_network_address_usage_metrics": false,
            "id": "vpc-067fc353f2ff38b29",
            "instance_tenancy": "default",
            "ipv4_ipam_pool_id": null,
            "ipv4_netmask_length": null,
            "ipv6_association_id": "",
            "ipv6_cidr_block": "",
            "ipv6_cidr_block_network_border_group": "",
            "ipv6_ipam_pool_id": "",
            "ipv6_netmask_length": 0,
            "main_route_table_id": "rtb-0662ecc76f7f30176",
            "owner_id": "691745761403",
            "tags": {
              "Name": "mandy-vpc"
            },
            "tags_all": {
              "Name": "mandy-vpc"
            }
          },
          "sensitive_attributes": [],
          "private": "eyJzY2hlbWFfdmVyc2lvbiI6IjEifQ=="
        }
      ]
    }
  ],
  "check_results": null
}
